
Microsoft Visual Studio Solution File, Format Version 12.00
# Visual Studio Version 16
VisualStudioVersion = 16.0.31105.61
MinimumVisualStudioVersion = 10.0.40219.1
Project("{9A19103F-16F7-4668-BE54-9A1E7A4F7556}") = "StatiqMermaid.Website", "StatiqMermaid.Website\StatiqMermaid.Website.csproj", "{35ACC168-B548-4D31-BBD1-56994F413911}"
EndProject
Global
	GlobalSection(SolutionConfigurationPlatforms) = preSolution
		Debug|Any CPU = Debug|Any CPU
		Release|Any CPU = Release|Any CPU
	EndGlobalSection
	GlobalSection(ProjectConfigurationPlatforms) = postSolution
		{35ACC168-B548-4D31-BBD1-56994F413911}.Debug|Any CPU.ActiveCfg = Debug|Any CPU
		{35ACC168-B548-4D31-BBD1-56994F413911}.Debug|Any CPU.Build.0 = Debug|Any CPU
		{35ACC168-B548-4D31-BBD1-56994F413911}.Release|Any CPU.ActiveCfg = Release|Any CPU
		{35ACC168-B548-4D31-BBD1-56994F413911}.Release|Any CPU.Build.0 = Release|Any CPU
	EndGlobalSection
	GlobalSection(SolutionProperties) = preSolution
		HideSolutionNode = FALSE
	EndGlobalSection
	GlobalSection(ExtensibilityGlobals) = postSolution
		SolutionGuid = {DBA23837-4F2D-456E-B670-060F12F2277D}
	EndGlobalSection
EndGlobal
